
Microsoft Visual Studio Solution File, Format Version 12.00
# Visual Studio 15
VisualStudioVersion = 15.0.28307.168
MinimumVisualStudioVersion = 10.0.40219.1
Project("{FAE04EC0-301F-11D3-BF4B-00C04F79EFBC}") = "CSharpZaliczenie", "CSharpZaliczenie\CSharpZaliczenie.csproj", "{13AA5820-43BB-479D-8489-7B41D18037E1}"
EndProject
Global
	GlobalSection(SolutionConfigurationPlatforms) = preSolution
		Debug|Any CPU = Debug|Any CPU
		Release|Any CPU = Release|Any CPU
	EndGlobalSection
	GlobalSection(ProjectConfigurationPlatforms) = postSolution
		{13AA5820-43BB-479D-8489-7B41D18037E1}.Debug|Any CPU.ActiveCfg = Debug|Any CPU
		{13AA5820-43BB-479D-8489-7B41D18037E1}.Debug|Any CPU.Build.0 = Debug|Any CPU
		{13AA5820-43BB-479D-8489-7B41D18037E1}.Release|Any CPU.ActiveCfg = Release|Any CPU
		{13AA5820-43BB-479D-8489-7B41D18037E1}.Release|Any CPU.Build.0 = Release|Any CPU
	EndGlobalSection
	GlobalSection(SolutionProperties) = preSolution
		HideSolutionNode = FALSE
	EndGlobalSection
	GlobalSection(ExtensibilityGlobals) = postSolution
		SolutionGuid = {BDF223A7-B716-47D9-9D58-3B702928BFBB}
	EndGlobalSection
EndGlobal
